
Microsoft Visual Studio Solution File, Format Version 12.00
# Visual Studio Version 17
VisualStudioVersion = 17.13.35825.156 d17.13
MinimumVisualStudioVersion = 10.0.40219.1
Project("{FAE04EC0-301F-11D3-BF4B-00C04F79EFBC}") = "Library management system project", "Library management system project\Library management system project.csproj", "{DAC10617-2DBB-4D64-8298-038552D272F4}"
EndProject
Global
	GlobalSection(SolutionConfigurationPlatforms) = preSolution
		Debug|Any CPU = Debug|Any CPU
		Release|Any CPU = Release|Any CPU
	EndGlobalSection
	GlobalSection(ProjectConfigurationPlatforms) = postSolution
		{DAC10617-2DBB-4D64-8298-038552D272F4}.Debug|Any CPU.ActiveCfg = Debug|Any CPU
		{DAC10617-2DBB-4D64-8298-038552D272F4}.Debug|Any CPU.Build.0 = Debug|Any CPU
		{DAC10617-2DBB-4D64-8298-038552D272F4}.Release|Any CPU.ActiveCfg = Release|Any CPU
		{DAC10617-2DBB-4D64-8298-038552D272F4}.Release|Any CPU.Build.0 = Release|Any CPU
	EndGlobalSection
	GlobalSection(SolutionProperties) = preSolution
		HideSolutionNode = FALSE
	EndGlobalSection
	GlobalSection(ExtensibilityGlobals) = postSolution
		SolutionGuid = {B7F228D8-CF51-4269-A9CB-3CE01CB7A77F}
	EndGlobalSection
EndGlobal
